
Microsoft Visual Studio Solution File, Format Version 12.00
# Visual Studio Version 17
VisualStudioVersion = 17.11.35219.272
MinimumVisualStudioVersion = 10.0.40219.1
Project("{FAE04EC0-301F-11D3-BF4B-00C04F79EFBC}") = "Data_Sync_Job", "BatchJob\Data_Sync_Job.csproj", "{97E17FBF-C7DC-418A-A70E-8CD807B75B9F}"
EndProject
Project("{2150E333-8FDC-42A3-9474-1A3956D46DE8}") = "Solution Items", "Solution Items", "{727D5946-6B72-4EFD-95A2-FD25AB3B746D}"
EndProject
Global
	GlobalSection(SolutionConfigurationPlatforms) = preSolution
		Debug|Any CPU = Debug|Any CPU
		Release|Any CPU = Release|Any CPU
	EndGlobalSection
	GlobalSection(ProjectConfigurationPlatforms) = postSolution
		{97E17FBF-C7DC-418A-A70E-8CD807B75B9F}.Debug|Any CPU.ActiveCfg = Debug|Any CPU
		{97E17FBF-C7DC-418A-A70E-8CD807B75B9F}.Debug|Any CPU.Build.0 = Debug|Any CPU
		{97E17FBF-C7DC-418A-A70E-8CD807B75B9F}.Release|Any CPU.ActiveCfg = Release|Any CPU
		{97E17FBF-C7DC-418A-A70E-8CD807B75B9F}.Release|Any CPU.Build.0 = Release|Any CPU
	EndGlobalSection
	GlobalSection(SolutionProperties) = preSolution
		HideSolutionNode = FALSE
	EndGlobalSection
	GlobalSection(ExtensibilityGlobals) = postSolution
		SolutionGuid = {5F51AF0E-90F4-41E1-966C-473D50A115BD}
	EndGlobalSection
EndGlobal
